
Microsoft Visual Studio Solution File, Format Version 12.00
# Visual Studio Version 17
VisualStudioVersion = 17.2.32526.322
MinimumVisualStudioVersion = 10.0.40219.1
Project("{FAE04EC0-301F-11D3-BF4B-00C04F79EFBC}") = "ServicioWebSOAP", "ServicioWebSOAP\ServicioWebSOAP.csproj", "{EFF264A0-A801-4886-9CC6-011B3BC564D3}"
EndProject
Project("{FAE04EC0-301F-11D3-BF4B-00C04F79EFBC}") = "Logica", "Logica\Logica.csproj", "{C2897FB2-58BC-4759-88CF-4724D88E3E5D}"
EndProject
Project("{FAE04EC0-301F-11D3-BF4B-00C04F79EFBC}") = "Cliente", "Cliente\Cliente.csproj", "{B49732D9-71E2-4843-B197-147AE6F77943}"
EndProject
Global
	GlobalSection(SolutionConfigurationPlatforms) = preSolution
		Debug|Any CPU = Debug|Any CPU
		Release|Any CPU = Release|Any CPU
	EndGlobalSection
	GlobalSection(ProjectConfigurationPlatforms) = postSolution
		{EFF264A0-A801-4886-9CC6-011B3BC564D3}.Debug|Any CPU.ActiveCfg = Debug|Any CPU
		{EFF264A0-A801-4886-9CC6-011B3BC564D3}.Debug|Any CPU.Build.0 = Debug|Any CPU
		{EFF264A0-A801-4886-9CC6-011B3BC564D3}.Release|Any CPU.ActiveCfg = Release|Any CPU
		{EFF264A0-A801-4886-9CC6-011B3BC564D3}.Release|Any CPU.Build.0 = Release|Any CPU
		{C2897FB2-58BC-4759-88CF-4724D88E3E5D}.Debug|Any CPU.ActiveCfg = Debug|Any CPU
		{C2897FB2-58BC-4759-88CF-4724D88E3E5D}.Debug|Any CPU.Build.0 = Debug|Any CPU
		{C2897FB2-58BC-4759-88CF-4724D88E3E5D}.Release|Any CPU.ActiveCfg = Release|Any CPU
		{C2897FB2-58BC-4759-88CF-4724D88E3E5D}.Release|Any CPU.Build.0 = Release|Any CPU
		{B49732D9-71E2-4843-B197-147AE6F77943}.Debug|Any CPU.ActiveCfg = Debug|Any CPU
		{B49732D9-71E2-4843-B197-147AE6F77943}.Debug|Any CPU.Build.0 = Debug|Any CPU
		{B49732D9-71E2-4843-B197-147AE6F77943}.Release|Any CPU.ActiveCfg = Release|Any CPU
		{B49732D9-71E2-4843-B197-147AE6F77943}.Release|Any CPU.Build.0 = Release|Any CPU
	EndGlobalSection
	GlobalSection(SolutionProperties) = preSolution
		HideSolutionNode = FALSE
	EndGlobalSection
	GlobalSection(ExtensibilityGlobals) = postSolution
		SolutionGuid = {158EF058-E895-43BC-954A-8EE387F0280B}
	EndGlobalSection
EndGlobal
